// !$*UTF8*$!
{
	archiveVersion = 1;
	classes = {
	};
	objectVersion = 46;
	objects = {

/* Begin PBXBuildFile section */
		BD03C75A1AA698F2003BACEE /* main.m in Sources */ = {isa = PBXBuildFile; fileRef = BD03C7591AA698F2003BACEE /* main.m */; };
		BD03C75D1AA698F2003BACEE /* AppDelegate.m in Sources */ = {isa = PBXBuildFile; fileRef = BD03C75C1AA698F2003BACEE /* AppDelegate.m */; };
		BD03C7601AA698F2003BACEE /* RootViewController.m in Sources */ = {isa = PBXBuildFile; fileRef = BD03C75F1AA698F2003BACEE /* RootViewController.m */; };
		BD03C7631AA698F2003BACEE /* DataViewController.m in Sources */ = {isa = PBXBuildFile; fileRef = BD03C7621AA698F2003BACEE /* DataViewController.m */; };
		BD03C7661AA698F2003BACEE /* ModelController.m in Sources */ = {isa = PBXBuildFile; fileRef = BD03C7651AA698F2003BACEE /* ModelController.m */; };
		BD03C7691AA698F2003BACEE /* Main.storyboard in Resources */ = {isa = PBXBuildFile; fileRef = BD03C7671AA698F2003BACEE /* Main.storyboard */; };
		BD03C76B1AA698F2003BACEE /* Images.xcassets in Resources */ = {isa = PBXBuildFile; fileRef = BD03C76A1AA698F2003BACEE /* Images.xcassets */; };
		BD03C76E1AA698F2003BACEE /* LaunchScreen.xib in Resources */ = {isa = PBXBuildFile; fileRef = BD03C76C1AA698F2003BACEE /* LaunchScreen.xib */; };
		BD03C77A1AA698F2003BACEE /* FeatherTests.m in Sources */ = {isa = PBXBuildFile; fileRef = BD03C7791AA698F2003BACEE /* FeatherTests.m */; };
/* End PBXBuildFile section */

/* Begin PBXContainerItemProxy section */
		BD03C7741AA698F2003BACEE /* PBXContainerItemProxy */ = {
			isa = PBXContainerItemProxy;
			containerPortal = BD03C74C1AA698F1003BACEE /* Project object */;
			proxyType = 1;
			remoteGlobalIDString = BD03C7531AA698F2003BACEE;
			remoteInfo = Feather;
		};
/* End PBXContainerItemProxy section */

/* Begin PBXFileReference section */
		BD03C7541AA698F2003BACEE /* Feather.app */ = {isa = PBXFileReference; explicitFileType = wrapper.application; includeInIndex = 0; path = Feather.app; sourceTree = BUILT_PRODUCTS_DIR; };
		BD03C7581AA698F2003BACEE /* Info.plist */ = {isa = PBXFileReference; lastKnownFileType = text.plist.xml; path = Info.plist; sourceTree = "<group>"; };
		BD03C7591AA698F2003BACEE /* main.m */ = {isa = PBXFileReference; lastKnownFileType = sourcecode.c.objc; path = main.m; sourceTree = "<group>"; };
		BD03C75B1AA698F2003BACEE /* AppDelegate.h */ = {isa = PBXFileReference; lastKnownFileType = sourcecode.c.h; path = AppDelegate.h; sourceTree = "<group>"; };
		BD03C75C1AA698F2003BACEE /* AppDelegate.m */ = {isa = PBXFileReference; lastKnownFileType = sourcecode.c.objc; path = AppDelegate.m; sourceTree = "<group>"; };
		BD03C75E1AA698F2003BACEE /* RootViewController.h */ = {isa = PBXFileReference; lastKnownFileType = sourcecode.c.h; path = RootViewController.h; sourceTree = "<group>"; };
		BD03C75F1AA698F2003BACEE /* RootViewController.m */ = {isa = PBXFileReference; lastKnownFileType = sourcecode.c.objc; path = RootViewController.m; sourceTree = "<group>"; };
		BD03C7611AA698F2003BACEE /* DataViewController.h */ = {isa = PBXFileReference; lastKnownFileType = sourcecode.c.h; path = DataViewController.h; sourceTree = "<group>"; };
		BD03C7621AA698F2003BACEE /* DataViewController.m */ = {isa = PBXFileReference; lastKnownFileType = sourcecode.c.objc; path = DataViewController.m; sourceTree = "<group>"; };
		BD03C7641AA698F2003BACEE /* ModelController.h */ = {isa = PBXFileReference; lastKnownFileType = sourcecode.c.h; path = ModelController.h; sourceTree = "<group>"; };
		BD03C7651AA698F2003BACEE /* ModelController.m */ = {isa = PBXFileReference; lastKnownFileType = sourcecode.c.objc; path = ModelController.m; sourceTree = "<group>"; };
		BD03C7681AA698F2003BACEE /* Base */ = {isa = PBXFileReference; lastKnownFileType = file.storyboard; name = Base; path = Base.lproj/Main.storyboard; sourceTree = "<group>"; };
		BD03C76A1AA698F2003BACEE /* Images.xcassets */ = {isa = PBXFileReference; lastKnownFileType = folder.assetcatalog; path = Images.xcassets; sourceTree = "<group>"; };
		BD03C76D1AA698F2003BACEE /* Base */ = {isa = PBXFileReference; lastKnownFileType = file.xib; name = Base; path = Base.lproj/LaunchScreen.xib; sourceTree = "<group>"; };
		BD03C7731AA698F2003BACEE /* FeatherTests.xctest */ = {isa = PBXFileReference; explicitFileType = wrapper.cfbundle; includeInIndex = 0; path = FeatherTests.xctest; sourceTree = BUILT_PRODUCTS_DIR; };
		BD03C7781AA698F2003BACEE /* Info.plist */ = {isa = PBXFileReference; lastKnownFileType = text.plist.xml; path = Info.plist; sourceTree = "<group>"; };
		BD03C7791AA698F2003BACEE /* FeatherTests.m */ = {isa = PBXFileReference; lastKnownFileType = sourcecode.c.objc; path = FeatherTests.m; sourceTree = "<group>"; };
/* End PBXFileReference section */

/* Begin PBXFrameworksBuildPhase section */
		BD03C7511AA698F2003BACEE /* Frameworks */ = {
			isa = PBXFrameworksBuildPhase;
			buildActionMask = 2147483647;
			files = (
			);
			runOnlyForDeploymentPostprocessing = 0;
		};
		BD03C7701AA698F2003BACEE /* Frameworks */ = {
			isa = PBXFrameworksBuildPhase;
			buildActionMask = 2147483647;
			files = (
			);
			runOnlyForDeploymentPostprocessing = 0;
		};
/* End PBXFrameworksBuildPhase section */

/* Begin PBXGroup section */
		BD03C74B1AA698F1003BACEE = {
			isa = PBXGroup;
			children = (
				BD03C7561AA698F2003BACEE /* Feather */,
				BD03C7761AA698F2003BACEE /* FeatherTests */,
				BD03C7551AA698F2003BACEE /* Products */,
			);
			sourceTree = "<group>";
		};
		BD03C7551AA698F2003BACEE /* Products */ = {
			isa = PBXGroup;
			children = (
				BD03C7541AA698F2003BACEE /* Feather.app */,
				BD03C7731AA698F2003BACEE /* FeatherTests.xctest */,
			);
			name = Products;
			sourceTree = "<group>";
		};
		BD03C7561AA698F2003BACEE /* Feather */ = {
			isa = PBXGroup;
			children = (
				BD03C75B1AA698F2003BACEE /* AppDelegate.h */,
				BD03C75C1AA698F2003BACEE /* AppDelegate.m */,
				BD03C75E1AA698F2003BACEE /* RootViewController.h */,
				BD03C75F1AA698F2003BACEE /* RootViewController.m */,
				BD03C7611AA698F2003BACEE /* DataViewController.h */,
				BD03C7621AA698F2003BACEE /* DataViewController.m */,
				BD03C7641AA698F2003BACEE /* ModelController.h */,
				BD03C7651AA698F2003BACEE /* ModelController.m */,
				BD03C7671AA698F2003BACEE /* Main.storyboard */,
				BD03C76A1AA698F2003BACEE /* Images.xcassets */,
				BD03C76C1AA698F2003BACEE /* LaunchScreen.xib */,
				BD03C7571AA698F2003BACEE /* Supporting Files */,
			);
			path = Feather;
			sourceTree = "<group>";
		};
		BD03C7571AA698F2003BACEE /* Supporting Files */ = {
			isa = PBXGroup;
			children = (
				BD03C7581AA698F2003BACEE /* Info.plist */,
				BD03C7591AA698F2003BACEE /* main.m */,
			);
			name = "Supporting Files";
			sourceTree = "<group>";
		};
		BD03C7761AA698F2003BACEE /* FeatherTests */ = {
			isa = PBXGroup;
			children = (
				BD03C7791AA698F2003BACEE /* FeatherTests.m */,
				BD03C7771AA698F2003BACEE /* Supporting Files */,
			);
			path = FeatherTests;
			sourceTree = "<group>";
		};
		BD03C7771AA698F2003BACEE /* Supporting Files */ = {
			isa = PBXGroup;
			children = (
				BD03C7781AA698F2003BACEE /* Info.plist */,
			);
			name = "Supporting Files";
			sourceTree = "<group>";
		};
/* End PBXGroup section */

/* Begin PBXNativeTarget section */
		BD03C7531AA698F2003BACEE /* Feather */ = {
			isa = PBXNativeTarget;
			buildConfigurationList = BD03C77D1AA698F2003BACEE /* Build configuration list for PBXNativeTarget "Feather" */;
			buildPhases = (
				BD03C7501AA698F2003BACEE /* Sources */,
				BD03C7511AA698F2003BACEE /* Frameworks */,
				BD03C7521AA698F2003BACEE /* Resources */,
			);
			buildRules = (
			);
			dependencies = (
			);
			name = Feather;
			productName = Feather;
			productReference = BD03C7541AA698F2003BACEE /* Feather.app */;
			productType = "com.apple.product-type.application";
		};
		BD03C7721AA698F2003BACEE /* FeatherTests */ = {
			isa = PBXNativeTarget;
			buildConfigurationList = BD03C7801AA698F2003BACEE /* Build configuration list for PBXNativeTarget "FeatherTests" */;
			buildPhases = (
				BD03C76F1AA698F2003BACEE /* Sources */,
				BD03C7701AA698F2003BACEE /* Frameworks */,
				BD03C7711AA698F2003BACEE /* Resources */,
			);
			buildRules = (
			);
			dependencies = (
				BD03C7751AA698F2003BACEE /* PBXTargetDependency */,
			);
			name = FeatherTests;
			productName = FeatherTests;
			productReference = BD03C7731AA698F2003BACEE /* FeatherTests.xctest */;
			productType = "com.apple.product-type.bundle.unit-test";
		};
/* End PBXNativeTarget section */

/* Begin PBXProject section */
		BD03C74C1AA698F1003BACEE /* Project object */ = {
			isa = PBXProject;
			attributes = {
				LastUpgradeCheck = 0610;
				ORGANIZATIONNAME = "Feather Inc.";
				TargetAttributes = {
					BD03C7531AA698F2003BACEE = {
						CreatedOnToolsVersion = 6.1.1;
					};
					BD03C7721AA698F2003BACEE = {
						CreatedOnToolsVersion = 6.1.1;
						TestTargetID = BD03C7531AA698F2003BACEE;
					};
				};
			};
			buildConfigurationList = BD03C74F1AA698F1003BACEE /* Build configuration list for PBXProject "Feather" */;
			compatibilityVersion = "Xcode 3.2";
			developmentRegion = English;
			hasScannedForEncodings = 0;
			knownRegions = (
				en,
				Base,
			);
			mainGroup = BD03C74B1AA698F1003BACEE;
			productRefGroup = BD03C7551AA698F2003BACEE /* Products */;
			projectDirPath = "";
			projectRoot = "";
			targets = (
				BD03C7531AA698F2003BACEE /* Feather */,
				BD03C7721AA698F2003BACEE /* FeatherTests */,
			);
		};
/* End PBXProject section */

/* Begin PBXResourcesBuildPhase section */
		BD03C7521AA698F2003BACEE /* Resources */ = {
			isa = PBXResourcesBuildPhase;
			buildActionMask = 2147483647;
			files = (
				BD03C7691AA698F2003BACEE /* Main.storyboard in Resources */,
				BD03C76E1AA698F2003BACEE /* LaunchScreen.xib in Resources */,
				BD03C76B1AA698F2003BACEE /* Images.xcassets in Resources */,
			);
			runOnlyForDeploymentPostprocessing = 0;
		};
		BD03C7711AA698F2003BACEE /* Resources */ = {
			isa = PBXResourcesBuildPhase;
			buildActionMask = 2147483647;
			files = (
			);
			runOnlyForDeploymentPostprocessing = 0;
		};
/* End PBXResourcesBuildPhase section */

/* Begin PBXSourcesBuildPhase section */
		BD03C7501AA698F2003BACEE /* Sources */ = {
			isa = PBXSourcesBuildPhase;
			buildActionMask = 2147483647;
			files = (
				BD03C7631AA698F2003BACEE /* DataViewController.m in Sources */,
				BD03C75D1AA698F2003BACEE /* AppDelegate.m in Sources */,
				BD03C7661AA698F2003BACEE /* ModelController.m in Sources */,
				BD03C75A1AA698F2003BACEE /* main.m in Sources */,
				BD03C7601AA698F2003BACEE /* RootViewController.m in Sources */,
			);
			runOnlyForDeploymentPostprocessing = 0;
		};
		BD03C76F1AA698F2003BACEE /* Sources */ = {
			isa = PBXSourcesBuildPhase;
			buildActionMask = 2147483647;
			files = (
				BD03C77A1AA698F2003BACEE /* FeatherTests.m in Sources */,
			);
			runOnlyForDeploymentPostprocessing = 0;
		};
/* End PBXSourcesBuildPhase section */

/* Begin PBXTargetDependency section */
		BD03C7751AA698F2003BACEE /* PBXTargetDependency */ = {
			isa = PBXTargetDependency;
			target = BD03C7531AA698F2003BACEE /* Feather */;
			targetProxy = BD03C7741AA698F2003BACEE /* PBXContainerItemProxy */;
		};
/* End PBXTargetDependency section */

/* Begin PBXVariantGroup section */
		BD03C7671AA698F2003BACEE /* Main.storyboard */ = {
			isa = PBXVariantGroup;
			children = (
				BD03C7681AA698F2003BACEE /* Base */,
			);
			name = Main.storyboard;
			sourceTree = "<group>";
		};
		BD03C76C1AA698F2003BACEE /* LaunchScreen.xib */ = {
			isa = PBXVariantGroup;
			children = (
				BD03C76D1AA698F2003BACEE /* Base */,
			);
			name = LaunchScreen.xib;
			sourceTree = "<group>";
		};
/* End PBXVariantGroup section */

/* Begin XCBuildConfiguration section */
		BD03C77B1AA698F2003BACEE /* Debug */ = {
			isa = XCBuildConfiguration;
			buildSettings = {
				ALWAYS_SEARCH_USER_PATHS = NO;
				CLANG_CXX_LANGUAGE_STANDARD = "gnu++0x";
				CLANG_CXX_LIBRARY = "libc++";
				CLANG_ENABLE_MODULES = YES;
				CLANG_ENABLE_OBJC_ARC = YES;
				CLANG_WARN_BOOL_CONVERSION = YES;
				CLANG_WARN_CONSTANT_CONVERSION = YES;
				CLANG_WARN_DIRECT_OBJC_ISA_USAGE = YES_ERROR;
				CLANG_WARN_EMPTY_BODY = YES;
				CLANG_WARN_ENUM_CONVERSION = YES;
				CLANG_WARN_INT_CONVERSION = YES;
				CLANG_WARN_OBJC_ROOT_CLASS = YES_ERROR;
				CLANG_WARN_UNREACHABLE_CODE = YES;
				CLANG_WARN__DUPLICATE_METHOD_MATCH = YES;
				"CODE_SIGN_IDENTITY[sdk=iphoneos*]" = "iPhone Developer";
				COPY_PHASE_STRIP = NO;
				ENABLE_STRICT_OBJC_MSGSEND = YES;
				GCC_C_LANGUAGE_STANDARD = gnu99;
				GCC_DYNAMIC_NO_PIC = NO;
				GCC_OPTIMIZATION_LEVEL = 0;
				GCC_PREPROCESSOR_DEFINITIONS = (
					"DEBUG=1",
					"$(inherited)",
				);
				GCC_SYMBOLS_PRIVATE_EXTERN = NO;
				GCC_WARN_64_TO_32_BIT_CONVERSION = YES;
				GCC_WARN_ABOUT_RETURN_TYPE = YES_ERROR;
				GCC_WARN_UNDECLARED_SELECTOR = YES;
				GCC_WARN_UNINITIALIZED_AUTOS = YES_AGGRESSIVE;
				GCC_WARN_UNUSED_FUNCTION = YES;
				GCC_WARN_UNUSED_VARIABLE = YES;
				IPHONEOS_DEPLOYMENT_TARGET = 8.1;
				MTL_ENABLE_DEBUG_INFO = YES;
				ONLY_ACTIVE_ARCH = YES;
				SDKROOT = iphoneos;
				TARGETED_DEVICE_FAMILY = "1,2";
			};
			name = Debug;
		};
		BD03C77C1AA698F2003BACEE /* Release */ = {
			isa = XCBuildConfiguration;
			buildSettings = {
				ALWAYS_SEARCH_USER_PATHS = NO;
				CLANG_CXX_LANGUAGE_STANDARD = "gnu++0x";
				CLANG_CXX_LIBRARY = "libc++";
				CLANG_ENABLE_MODULES = YES;
				CLANG_ENABLE_OBJC_ARC = YES;
				CLANG_WARN_BOOL_CONVERSION = YES;
				CLANG_WARN_CONSTANT_CONVERSION = YES;
				CLANG_WARN_DIRECT_OBJC_ISA_USAGE = YES_ERROR;
				CLANG_WARN_EMPTY_BODY = YES;
				CLANG_WARN_ENUM_CONVERSION = YES;
				CLANG_WARN_INT_CONVERSION = YES;
				CLANG_WARN_OBJC_ROOT_CLASS = YES_ERROR;
				CLANG_WARN_UNREACHABLE_CODE = YES;
				CLANG_WARN__DUPLICATE_METHOD_MATCH = YES;
				"CODE_SIGN_IDENTITY[sdk=iphoneos*]" = "iPhone Developer";
				COPY_PHASE_STRIP = YES;
				ENABLE_NS_ASSERTIONS = NO;
				ENABLE_STRICT_OBJC_MSGSEND = YES;
				GCC_C_LANGUAGE_STANDARD = gnu99;
				GCC_WARN_64_TO_32_BIT_CONVERSION = YES;
				GCC_WARN_ABOUT_RETURN_TYPE = YES_ERROR;
				GCC_WARN_UNDECLARED_SELECTOR = YES;
				GCC_WARN_UNINITIALIZED_AUTOS = YES_AGGRESSIVE;
				GCC_WARN_UNUSED_FUNCTION = YES;
				GCC_WARN_UNUSED_VARIABLE = YES;
				IPHONEOS_DEPLOYMENT_TARGET = 8.1;
				MTL_ENABLE_DEBUG_INFO = NO;
				SDKROOT = iphoneos;
				TARGETED_DEVICE_FAMILY = "1,2";
				VALIDATE_PRODUCT = YES;
			};
			name = Release;
		};
		BD03C77E1AA698F2003BACEE /* Debug */ = {
			isa = XCBuildConfiguration;
			buildSettings = {
				ASSETCATALOG_COMPILER_APPICON_NAME = AppIcon;
				INFOPLIST_FILE = Feather/Info.plist;
				LD_RUNPATH_SEARCH_PATHS = "$(inherited) @executable_path/Frameworks";
				PRODUCT_NAME = "$(TARGET_NAME)";
			};
			name = Debug;
		};
		BD03C77F1AA698F2003BACEE /* Release */ = {
			isa = XCBuildConfiguration;
			buildSettings = {
				ASSETCATALOG_COMPILER_APPICON_NAME = AppIcon;
				INFOPLIST_FILE = Feather/Info.plist;
				LD_RUNPATH_SEARCH_PATHS = "$(inherited) @executable_path/Frameworks";
				PRODUCT_NAME = "$(TARGET_NAME)";
			};
			name = Release;
		};
		BD03C7811AA698F2003BACEE /* Debug */ = {
			isa = XCBuildConfiguration;
			buildSettings = {
				BUNDLE_LOADER = "$(TEST_HOST)";
				FRAMEWORK_SEARCH_PATHS = (
					"$(SDKROOT)/Developer/Library/Frameworks",
					"$(inherited)",
				);
				GCC_PREPROCESSOR_DEFINITIONS = (
					"DEBUG=1",
					"$(inherited)",
				);
				INFOPLIST_FILE = FeatherTests/Info.plist;
				LD_RUNPATH_SEARCH_PATHS = "$(inherited) @executable_path/Frameworks @loader_path/Frameworks";
				PRODUCT_NAME = "$(TARGET_NAME)";
				TEST_HOST = "$(BUILT_PRODUCTS_DIR)/Feather.app/Feather";
			};
			name = Debug;
		};
		BD03C7821AA698F2003BACEE /* Release */ = {
			isa = XCBuildConfiguration;
			buildSettings = {
				BUNDLE_LOADER = "$(TEST_HOST)";
				FRAMEWORK_SEARCH_PATHS = (
					"$(SDKROOT)/Developer/Library/Frameworks",
					"$(inherited)",
				);
				INFOPLIST_FILE = FeatherTests/Info.plist;
				LD_RUNPATH_SEARCH_PATHS = "$(inherited) @executable_path/Frameworks @loader_path/Frameworks";
				PRODUCT_NAME = "$(TARGET_NAME)";
				TEST_HOST = "$(BUILT_PRODUCTS_DIR)/Feather.app/Feather";
			};
			name = Release;
		};
/* End XCBuildConfiguration section */

/* Begin XCConfigurationList section */
		BD03C74F1AA698F1003BACEE /* Build configuration list for PBXProject "Feather" */ = {
			isa = XCConfigurationList;
			buildConfigurations = (
				BD03C77B1AA698F2003BACEE /* Debug */,
				BD03C77C1AA698F2003BACEE /* Release */,
			);
			defaultConfigurationIsVisible = 0;
			defaultConfigurationName = Release;
		};
		BD03C77D1AA698F2003BACEE /* Build configuration list for PBXNativeTarget "Feather" */ = {
			isa = XCConfigurationList;
			buildConfigurations = (
				BD03C77E1AA698F2003BACEE /* Debug */,
				BD03C77F1AA698F2003BACEE /* Release */,
			);
			defaultConfigurationIsVisible = 0;
		};
		BD03C7801AA698F2003BACEE /* Build configuration list for PBXNativeTarget "FeatherTests" */ = {
			isa = XCConfigurationList;
			buildConfigurations = (
				BD03C7811AA698F2003BACEE /* Debug */,
				BD03C7821AA698F2003BACEE /* Release */,
			);
			defaultConfigurationIsVisible = 0;
		};
/* End XCConfigurationList section */
	};
	rootObject = BD03C74C1AA698F1003BACEE /* Project object */;
}
