// !$*UTF8*$!
{
	archiveVersion = 1;
	classes = {
	};
	objectVersion = 46;
	objects = {

/* Begin PBXBuildFile section */
		3B2F9D161AB2A8320029F357 /* main.m in Sources */ = {isa = PBXBuildFile; fileRef = 3B2F9D151AB2A8320029F357 /* main.m */; };
		3B2F9D191AB2A8320029F357 /* AppDelegate.m in Sources */ = {isa = PBXBuildFile; fileRef = 3B2F9D181AB2A8320029F357 /* AppDelegate.m */; };
		3B2F9D1C1AB2A8320029F357 /* MasterViewController.m in Sources */ = {isa = PBXBuildFile; fileRef = 3B2F9D1B1AB2A8320029F357 /* MasterViewController.m */; };
		3B2F9D1F1AB2A8330029F357 /* DetailViewController.m in Sources */ = {isa = PBXBuildFile; fileRef = 3B2F9D1E1AB2A8320029F357 /* DetailViewController.m */; };
		3B2F9D221AB2A8330029F357 /* Main.storyboard in Resources */ = {isa = PBXBuildFile; fileRef = 3B2F9D201AB2A8330029F357 /* Main.storyboard */; };
		3B2F9D241AB2A8330029F357 /* Images.xcassets in Resources */ = {isa = PBXBuildFile; fileRef = 3B2F9D231AB2A8330029F357 /* Images.xcassets */; };
		3B2F9D271AB2A8330029F357 /* LaunchScreen.xib in Resources */ = {isa = PBXBuildFile; fileRef = 3B2F9D251AB2A8330029F357 /* LaunchScreen.xib */; };
		3B2F9D331AB2A8330029F357 /* FeatherAppTests.m in Sources */ = {isa = PBXBuildFile; fileRef = 3B2F9D321AB2A8330029F357 /* FeatherAppTests.m */; };
		3BBF369E1AB4F44700D5355D /* Parse.framework in Frameworks */ = {isa = PBXBuildFile; fileRef = 3BBF369C1AB4F44700D5355D /* Parse.framework */; };
		3BBF369F1AB4F44700D5355D /* Bolts.framework in Frameworks */ = {isa = PBXBuildFile; fileRef = 3BBF369D1AB4F44700D5355D /* Bolts.framework */; };
		3BBF36A11AB4F62100D5355D /* AudioToolbox.framework in Frameworks */ = {isa = PBXBuildFile; fileRef = 3BBF36A01AB4F62100D5355D /* AudioToolbox.framework */; };
		3BBF36A31AB4F62700D5355D /* CFNetwork.framework in Frameworks */ = {isa = PBXBuildFile; fileRef = 3BBF36A21AB4F62700D5355D /* CFNetwork.framework */; };
		3BBF36A51AB4F62C00D5355D /* CoreGraphics.framework in Frameworks */ = {isa = PBXBuildFile; fileRef = 3BBF36A41AB4F62C00D5355D /* CoreGraphics.framework */; };
		3BBF36A71AB4F63200D5355D /* CoreLocation.framework in Frameworks */ = {isa = PBXBuildFile; fileRef = 3BBF36A61AB4F63200D5355D /* CoreLocation.framework */; };
		3BBF36A91AB4F63800D5355D /* MobileCoreServices.framework in Frameworks */ = {isa = PBXBuildFile; fileRef = 3BBF36A81AB4F63800D5355D /* MobileCoreServices.framework */; };
		3BBF36AB1AB4F63D00D5355D /* QuartzCore.framework in Frameworks */ = {isa = PBXBuildFile; fileRef = 3BBF36AA1AB4F63D00D5355D /* QuartzCore.framework */; };
		3BBF36AD1AB4F64300D5355D /* Security.framework in Frameworks */ = {isa = PBXBuildFile; fileRef = 3BBF36AC1AB4F64300D5355D /* Security.framework */; };
		3BBF36AF1AB4F64A00D5355D /* StoreKit.framework in Frameworks */ = {isa = PBXBuildFile; fileRef = 3BBF36AE1AB4F64A00D5355D /* StoreKit.framework */; };
		3BBF36B11AB4F65100D5355D /* SystemConfiguration.framework in Frameworks */ = {isa = PBXBuildFile; fileRef = 3BBF36B01AB4F65100D5355D /* SystemConfiguration.framework */; };
		3BBF36B31AB4F65700D5355D /* libz.dylib in Frameworks */ = {isa = PBXBuildFile; fileRef = 3BBF36B21AB4F65700D5355D /* libz.dylib */; };
		3BBF36B51AB4F65D00D5355D /* libsqlite3.dylib in Frameworks */ = {isa = PBXBuildFile; fileRef = 3BBF36B41AB4F65D00D5355D /* libsqlite3.dylib */; };
		4F885BB31AB2B26500DF24EE /* Event.m in Sources */ = {isa = PBXBuildFile; fileRef = 4F885BB21AB2B26500DF24EE /* Event.m */; };
/* End PBXBuildFile section */

/* Begin PBXContainerItemProxy section */
		3B2F9D2D1AB2A8330029F357 /* PBXContainerItemProxy */ = {
			isa = PBXContainerItemProxy;
			containerPortal = 3B2F9D081AB2A8320029F357 /* Project object */;
			proxyType = 1;
			remoteGlobalIDString = 3B2F9D0F1AB2A8320029F357;
			remoteInfo = FeatherApp;
		};
/* End PBXContainerItemProxy section */

/* Begin PBXFileReference section */
		3B2F9D101AB2A8320029F357 /* FeatherApp.app */ = {isa = PBXFileReference; explicitFileType = wrapper.application; includeInIndex = 0; path = FeatherApp.app; sourceTree = BUILT_PRODUCTS_DIR; };
		3B2F9D141AB2A8320029F357 /* Info.plist */ = {isa = PBXFileReference; lastKnownFileType = text.plist.xml; path = Info.plist; sourceTree = "<group>"; };
		3B2F9D151AB2A8320029F357 /* main.m */ = {isa = PBXFileReference; lastKnownFileType = sourcecode.c.objc; path = main.m; sourceTree = "<group>"; };
		3B2F9D171AB2A8320029F357 /* AppDelegate.h */ = {isa = PBXFileReference; lastKnownFileType = sourcecode.c.h; path = AppDelegate.h; sourceTree = "<group>"; };
		3B2F9D181AB2A8320029F357 /* AppDelegate.m */ = {isa = PBXFileReference; lastKnownFileType = sourcecode.c.objc; path = AppDelegate.m; sourceTree = "<group>"; };
		3B2F9D1A1AB2A8320029F357 /* MasterViewController.h */ = {isa = PBXFileReference; lastKnownFileType = sourcecode.c.h; path = MasterViewController.h; sourceTree = "<group>"; };
		3B2F9D1B1AB2A8320029F357 /* MasterViewController.m */ = {isa = PBXFileReference; lastKnownFileType = sourcecode.c.objc; path = MasterViewController.m; sourceTree = "<group>"; };
		3B2F9D1D1AB2A8320029F357 /* DetailViewController.h */ = {isa = PBXFileReference; lastKnownFileType = sourcecode.c.h; path = DetailViewController.h; sourceTree = "<group>"; };
		3B2F9D1E1AB2A8320029F357 /* DetailViewController.m */ = {isa = PBXFileReference; lastKnownFileType = sourcecode.c.objc; path = DetailViewController.m; sourceTree = "<group>"; };
		3B2F9D211AB2A8330029F357 /* Base */ = {isa = PBXFileReference; lastKnownFileType = file.storyboard; name = Base; path = Base.lproj/Main.storyboard; sourceTree = "<group>"; };
		3B2F9D231AB2A8330029F357 /* Images.xcassets */ = {isa = PBXFileReference; lastKnownFileType = folder.assetcatalog; path = Images.xcassets; sourceTree = "<group>"; };
		3B2F9D261AB2A8330029F357 /* Base */ = {isa = PBXFileReference; lastKnownFileType = file.xib; name = Base; path = Base.lproj/LaunchScreen.xib; sourceTree = "<group>"; };
		3B2F9D2C1AB2A8330029F357 /* FeatherAppTests.xctest */ = {isa = PBXFileReference; explicitFileType = wrapper.cfbundle; includeInIndex = 0; path = FeatherAppTests.xctest; sourceTree = BUILT_PRODUCTS_DIR; };
		3B2F9D311AB2A8330029F357 /* Info.plist */ = {isa = PBXFileReference; lastKnownFileType = text.plist.xml; path = Info.plist; sourceTree = "<group>"; };
		3B2F9D321AB2A8330029F357 /* FeatherAppTests.m */ = {isa = PBXFileReference; lastKnownFileType = sourcecode.c.objc; path = FeatherAppTests.m; sourceTree = "<group>"; };
		3BBF369C1AB4F44700D5355D /* Parse.framework */ = {isa = PBXFileReference; lastKnownFileType = wrapper.framework; path = Parse.framework; sourceTree = "<group>"; };
		3BBF369D1AB4F44700D5355D /* Bolts.framework */ = {isa = PBXFileReference; lastKnownFileType = wrapper.framework; path = Bolts.framework; sourceTree = "<group>"; };
		3BBF36A01AB4F62100D5355D /* AudioToolbox.framework */ = {isa = PBXFileReference; lastKnownFileType = wrapper.framework; name = AudioToolbox.framework; path = System/Library/Frameworks/AudioToolbox.framework; sourceTree = SDKROOT; };
		3BBF36A21AB4F62700D5355D /* CFNetwork.framework */ = {isa = PBXFileReference; lastKnownFileType = wrapper.framework; name = CFNetwork.framework; path = System/Library/Frameworks/CFNetwork.framework; sourceTree = SDKROOT; };
		3BBF36A41AB4F62C00D5355D /* CoreGraphics.framework */ = {isa = PBXFileReference; lastKnownFileType = wrapper.framework; name = CoreGraphics.framework; path = System/Library/Frameworks/CoreGraphics.framework; sourceTree = SDKROOT; };
		3BBF36A61AB4F63200D5355D /* CoreLocation.framework */ = {isa = PBXFileReference; lastKnownFileType = wrapper.framework; name = CoreLocation.framework; path = System/Library/Frameworks/CoreLocation.framework; sourceTree = SDKROOT; };
		3BBF36A81AB4F63800D5355D /* MobileCoreServices.framework */ = {isa = PBXFileReference; lastKnownFileType = wrapper.framework; name = MobileCoreServices.framework; path = System/Library/Frameworks/MobileCoreServices.framework; sourceTree = SDKROOT; };
		3BBF36AA1AB4F63D00D5355D /* QuartzCore.framework */ = {isa = PBXFileReference; lastKnownFileType = wrapper.framework; name = QuartzCore.framework; path = System/Library/Frameworks/QuartzCore.framework; sourceTree = SDKROOT; };
		3BBF36AC1AB4F64300D5355D /* Security.framework */ = {isa = PBXFileReference; lastKnownFileType = wrapper.framework; name = Security.framework; path = System/Library/Frameworks/Security.framework; sourceTree = SDKROOT; };
		3BBF36AE1AB4F64A00D5355D /* StoreKit.framework */ = {isa = PBXFileReference; lastKnownFileType = wrapper.framework; name = StoreKit.framework; path = System/Library/Frameworks/StoreKit.framework; sourceTree = SDKROOT; };
		3BBF36B01AB4F65100D5355D /* SystemConfiguration.framework */ = {isa = PBXFileReference; lastKnownFileType = wrapper.framework; name = SystemConfiguration.framework; path = System/Library/Frameworks/SystemConfiguration.framework; sourceTree = SDKROOT; };
		3BBF36B21AB4F65700D5355D /* libz.dylib */ = {isa = PBXFileReference; lastKnownFileType = "compiled.mach-o.dylib"; name = libz.dylib; path = usr/lib/libz.dylib; sourceTree = SDKROOT; };
		3BBF36B41AB4F65D00D5355D /* libsqlite3.dylib */ = {isa = PBXFileReference; lastKnownFileType = "compiled.mach-o.dylib"; name = libsqlite3.dylib; path = usr/lib/libsqlite3.dylib; sourceTree = SDKROOT; };
		4F885BB11AB2B26500DF24EE /* Event.h */ = {isa = PBXFileReference; fileEncoding = 4; lastKnownFileType = sourcecode.c.h; path = Event.h; sourceTree = "<group>"; };
		4F885BB21AB2B26500DF24EE /* Event.m */ = {isa = PBXFileReference; fileEncoding = 4; lastKnownFileType = sourcecode.c.objc; path = Event.m; sourceTree = "<group>"; };
/* End PBXFileReference section */

/* Begin PBXFrameworksBuildPhase section */
		3B2F9D0D1AB2A8320029F357 /* Frameworks */ = {
			isa = PBXFrameworksBuildPhase;
			buildActionMask = 2147483647;
			files = (
				3BBF36B51AB4F65D00D5355D /* libsqlite3.dylib in Frameworks */,
				3BBF36B31AB4F65700D5355D /* libz.dylib in Frameworks */,
				3BBF36B11AB4F65100D5355D /* SystemConfiguration.framework in Frameworks */,
				3BBF36AF1AB4F64A00D5355D /* StoreKit.framework in Frameworks */,
				3BBF36AD1AB4F64300D5355D /* Security.framework in Frameworks */,
				3BBF36AB1AB4F63D00D5355D /* QuartzCore.framework in Frameworks */,
				3BBF36A91AB4F63800D5355D /* MobileCoreServices.framework in Frameworks */,
				3BBF36A71AB4F63200D5355D /* CoreLocation.framework in Frameworks */,
				3BBF36A51AB4F62C00D5355D /* CoreGraphics.framework in Frameworks */,
				3BBF36A31AB4F62700D5355D /* CFNetwork.framework in Frameworks */,
				3BBF36A11AB4F62100D5355D /* AudioToolbox.framework in Frameworks */,
				3BBF369E1AB4F44700D5355D /* Parse.framework in Frameworks */,
				3BBF369F1AB4F44700D5355D /* Bolts.framework in Frameworks */,
			);
			runOnlyForDeploymentPostprocessing = 0;
		};
		3B2F9D291AB2A8330029F357 /* Frameworks */ = {
			isa = PBXFrameworksBuildPhase;
			buildActionMask = 2147483647;
			files = (
			);
			runOnlyForDeploymentPostprocessing = 0;
		};
/* End PBXFrameworksBuildPhase section */

/* Begin PBXGroup section */
		3B2F9D071AB2A8320029F357 = {
			isa = PBXGroup;
			children = (
				3B2F9D121AB2A8320029F357 /* FeatherApp */,
				3B2F9D2F1AB2A8330029F357 /* FeatherAppTests */,
				3B2F9D111AB2A8320029F357 /* Products */,
				3BBF369B1AB4F41E00D5355D /* Frameworks */,
			);
			sourceTree = "<group>";
		};
		3B2F9D111AB2A8320029F357 /* Products */ = {
			isa = PBXGroup;
			children = (
				3B2F9D101AB2A8320029F357 /* FeatherApp.app */,
				3B2F9D2C1AB2A8330029F357 /* FeatherAppTests.xctest */,
			);
			name = Products;
			sourceTree = "<group>";
		};
		3B2F9D121AB2A8320029F357 /* FeatherApp */ = {
			isa = PBXGroup;
			children = (
				3B2F9D171AB2A8320029F357 /* AppDelegate.h */,
				3B2F9D181AB2A8320029F357 /* AppDelegate.m */,
				3B2F9D1A1AB2A8320029F357 /* MasterViewController.h */,
				3B2F9D1B1AB2A8320029F357 /* MasterViewController.m */,
				4F885BB11AB2B26500DF24EE /* Event.h */,
				4F885BB21AB2B26500DF24EE /* Event.m */,
				3B2F9D1D1AB2A8320029F357 /* DetailViewController.h */,
				3B2F9D1E1AB2A8320029F357 /* DetailViewController.m */,
				3B2F9D201AB2A8330029F357 /* Main.storyboard */,
				3B2F9D231AB2A8330029F357 /* Images.xcassets */,
				3B2F9D251AB2A8330029F357 /* LaunchScreen.xib */,
				3B2F9D131AB2A8320029F357 /* Supporting Files */,
			);
			path = FeatherApp;
			sourceTree = "<group>";
		};
		3B2F9D131AB2A8320029F357 /* Supporting Files */ = {
			isa = PBXGroup;
			children = (
				3B2F9D141AB2A8320029F357 /* Info.plist */,
				3B2F9D151AB2A8320029F357 /* main.m */,
			);
			name = "Supporting Files";
			sourceTree = "<group>";
		};
		3B2F9D2F1AB2A8330029F357 /* FeatherAppTests */ = {
			isa = PBXGroup;
			children = (
				3B2F9D321AB2A8330029F357 /* FeatherAppTests.m */,
				3B2F9D301AB2A8330029F357 /* Supporting Files */,
			);
			path = FeatherAppTests;
			sourceTree = "<group>";
		};
		3B2F9D301AB2A8330029F357 /* Supporting Files */ = {
			isa = PBXGroup;
			children = (
				3B2F9D311AB2A8330029F357 /* Info.plist */,
			);
			name = "Supporting Files";
			sourceTree = "<group>";
		};
		3BBF369B1AB4F41E00D5355D /* Frameworks */ = {
			isa = PBXGroup;
			children = (
				3BBF36B41AB4F65D00D5355D /* libsqlite3.dylib */,
				3BBF36B21AB4F65700D5355D /* libz.dylib */,
				3BBF36B01AB4F65100D5355D /* SystemConfiguration.framework */,
				3BBF36AE1AB4F64A00D5355D /* StoreKit.framework */,
				3BBF36AC1AB4F64300D5355D /* Security.framework */,
				3BBF36AA1AB4F63D00D5355D /* QuartzCore.framework */,
				3BBF36A81AB4F63800D5355D /* MobileCoreServices.framework */,
				3BBF36A61AB4F63200D5355D /* CoreLocation.framework */,
				3BBF36A41AB4F62C00D5355D /* CoreGraphics.framework */,
				3BBF36A21AB4F62700D5355D /* CFNetwork.framework */,
				3BBF36A01AB4F62100D5355D /* AudioToolbox.framework */,
				3BBF369C1AB4F44700D5355D /* Parse.framework */,
				3BBF369D1AB4F44700D5355D /* Bolts.framework */,
			);
			path = Frameworks;
			sourceTree = "<group>";
		};
/* End PBXGroup section */

/* Begin PBXNativeTarget section */
		3B2F9D0F1AB2A8320029F357 /* FeatherApp */ = {
			isa = PBXNativeTarget;
			buildConfigurationList = 3B2F9D361AB2A8330029F357 /* Build configuration list for PBXNativeTarget "FeatherApp" */;
			buildPhases = (
				3B2F9D0C1AB2A8320029F357 /* Sources */,
				3B2F9D0D1AB2A8320029F357 /* Frameworks */,
				3B2F9D0E1AB2A8320029F357 /* Resources */,
			);
			buildRules = (
			);
			dependencies = (
			);
			name = FeatherApp;
			productName = FeatherApp;
			productReference = 3B2F9D101AB2A8320029F357 /* FeatherApp.app */;
			productType = "com.apple.product-type.application";
		};
		3B2F9D2B1AB2A8330029F357 /* FeatherAppTests */ = {
			isa = PBXNativeTarget;
			buildConfigurationList = 3B2F9D391AB2A8330029F357 /* Build configuration list for PBXNativeTarget "FeatherAppTests" */;
			buildPhases = (
				3B2F9D281AB2A8330029F357 /* Sources */,
				3B2F9D291AB2A8330029F357 /* Frameworks */,
				3B2F9D2A1AB2A8330029F357 /* Resources */,
			);
			buildRules = (
			);
			dependencies = (
				3B2F9D2E1AB2A8330029F357 /* PBXTargetDependency */,
			);
			name = FeatherAppTests;
			productName = FeatherAppTests;
			productReference = 3B2F9D2C1AB2A8330029F357 /* FeatherAppTests.xctest */;
			productType = "com.apple.product-type.bundle.unit-test";
		};
/* End PBXNativeTarget section */

/* Begin PBXProject section */
		3B2F9D081AB2A8320029F357 /* Project object */ = {
			isa = PBXProject;
			attributes = {
				LastUpgradeCheck = 0610;
				ORGANIZATIONNAME = Feather;
				TargetAttributes = {
					3B2F9D0F1AB2A8320029F357 = {
						CreatedOnToolsVersion = 6.1.1;
					};
					3B2F9D2B1AB2A8330029F357 = {
						CreatedOnToolsVersion = 6.1.1;
						TestTargetID = 3B2F9D0F1AB2A8320029F357;
					};
				};
			};
			buildConfigurationList = 3B2F9D0B1AB2A8320029F357 /* Build configuration list for PBXProject "FeatherApp" */;
			compatibilityVersion = "Xcode 3.2";
			developmentRegion = English;
			hasScannedForEncodings = 0;
			knownRegions = (
				en,
				Base,
			);
			mainGroup = 3B2F9D071AB2A8320029F357;
			productRefGroup = 3B2F9D111AB2A8320029F357 /* Products */;
			projectDirPath = "";
			projectRoot = "";
			targets = (
				3B2F9D0F1AB2A8320029F357 /* FeatherApp */,
				3B2F9D2B1AB2A8330029F357 /* FeatherAppTests */,
			);
		};
/* End PBXProject section */

/* Begin PBXResourcesBuildPhase section */
		3B2F9D0E1AB2A8320029F357 /* Resources */ = {
			isa = PBXResourcesBuildPhase;
			buildActionMask = 2147483647;
			files = (
				3B2F9D221AB2A8330029F357 /* Main.storyboard in Resources */,
				3B2F9D271AB2A8330029F357 /* LaunchScreen.xib in Resources */,
				3B2F9D241AB2A8330029F357 /* Images.xcassets in Resources */,
			);
			runOnlyForDeploymentPostprocessing = 0;
		};
		3B2F9D2A1AB2A8330029F357 /* Resources */ = {
			isa = PBXResourcesBuildPhase;
			buildActionMask = 2147483647;
			files = (
			);
			runOnlyForDeploymentPostprocessing = 0;
		};
/* End PBXResourcesBuildPhase section */

/* Begin PBXSourcesBuildPhase section */
		3B2F9D0C1AB2A8320029F357 /* Sources */ = {
			isa = PBXSourcesBuildPhase;
			buildActionMask = 2147483647;
			files = (
				3B2F9D191AB2A8320029F357 /* AppDelegate.m in Sources */,
				3B2F9D1C1AB2A8320029F357 /* MasterViewController.m in Sources */,
				4F885BB31AB2B26500DF24EE /* Event.m in Sources */,
				3B2F9D161AB2A8320029F357 /* main.m in Sources */,
				3B2F9D1F1AB2A8330029F357 /* DetailViewController.m in Sources */,
			);
			runOnlyForDeploymentPostprocessing = 0;
		};
		3B2F9D281AB2A8330029F357 /* Sources */ = {
			isa = PBXSourcesBuildPhase;
			buildActionMask = 2147483647;
			files = (
				3B2F9D331AB2A8330029F357 /* FeatherAppTests.m in Sources */,
			);
			runOnlyForDeploymentPostprocessing = 0;
		};
/* End PBXSourcesBuildPhase section */

/* Begin PBXTargetDependency section */
		3B2F9D2E1AB2A8330029F357 /* PBXTargetDependency */ = {
			isa = PBXTargetDependency;
			target = 3B2F9D0F1AB2A8320029F357 /* FeatherApp */;
			targetProxy = 3B2F9D2D1AB2A8330029F357 /* PBXContainerItemProxy */;
		};
/* End PBXTargetDependency section */

/* Begin PBXVariantGroup section */
		3B2F9D201AB2A8330029F357 /* Main.storyboard */ = {
			isa = PBXVariantGroup;
			children = (
				3B2F9D211AB2A8330029F357 /* Base */,
			);
			name = Main.storyboard;
			sourceTree = "<group>";
		};
		3B2F9D251AB2A8330029F357 /* LaunchScreen.xib */ = {
			isa = PBXVariantGroup;
			children = (
				3B2F9D261AB2A8330029F357 /* Base */,
			);
			name = LaunchScreen.xib;
			sourceTree = "<group>";
		};
/* End PBXVariantGroup section */

/* Begin XCBuildConfiguration section */
		3B2F9D341AB2A8330029F357 /* Debug */ = {
			isa = XCBuildConfiguration;
			buildSettings = {
				ALWAYS_SEARCH_USER_PATHS = NO;
				CLANG_CXX_LANGUAGE_STANDARD = "gnu++0x";
				CLANG_CXX_LIBRARY = "libc++";
				CLANG_ENABLE_MODULES = YES;
				CLANG_ENABLE_OBJC_ARC = YES;
				CLANG_WARN_BOOL_CONVERSION = YES;
				CLANG_WARN_CONSTANT_CONVERSION = YES;
				CLANG_WARN_DIRECT_OBJC_ISA_USAGE = YES_ERROR;
				CLANG_WARN_EMPTY_BODY = YES;
				CLANG_WARN_ENUM_CONVERSION = YES;
				CLANG_WARN_INT_CONVERSION = YES;
				CLANG_WARN_OBJC_ROOT_CLASS = YES_ERROR;
				CLANG_WARN_UNREACHABLE_CODE = YES;
				CLANG_WARN__DUPLICATE_METHOD_MATCH = YES;
				"CODE_SIGN_IDENTITY[sdk=iphoneos*]" = "iPhone Developer";
				COPY_PHASE_STRIP = NO;
				ENABLE_STRICT_OBJC_MSGSEND = YES;
				GCC_C_LANGUAGE_STANDARD = gnu99;
				GCC_DYNAMIC_NO_PIC = NO;
				GCC_OPTIMIZATION_LEVEL = 0;
				GCC_PREPROCESSOR_DEFINITIONS = (
					"DEBUG=1",
					"$(inherited)",
				);
				GCC_SYMBOLS_PRIVATE_EXTERN = NO;
				GCC_WARN_64_TO_32_BIT_CONVERSION = YES;
				GCC_WARN_ABOUT_RETURN_TYPE = YES_ERROR;
				GCC_WARN_UNDECLARED_SELECTOR = YES;
				GCC_WARN_UNINITIALIZED_AUTOS = YES_AGGRESSIVE;
				GCC_WARN_UNUSED_FUNCTION = YES;
				GCC_WARN_UNUSED_VARIABLE = YES;
				IPHONEOS_DEPLOYMENT_TARGET = 8.1;
				MTL_ENABLE_DEBUG_INFO = YES;
				ONLY_ACTIVE_ARCH = YES;
				SDKROOT = iphoneos;
				TARGETED_DEVICE_FAMILY = "1,2";
			};
			name = Debug;
		};
		3B2F9D351AB2A8330029F357 /* Release */ = {
			isa = XCBuildConfiguration;
			buildSettings = {
				ALWAYS_SEARCH_USER_PATHS = NO;
				CLANG_CXX_LANGUAGE_STANDARD = "gnu++0x";
				CLANG_CXX_LIBRARY = "libc++";
				CLANG_ENABLE_MODULES = YES;
				CLANG_ENABLE_OBJC_ARC = YES;
				CLANG_WARN_BOOL_CONVERSION = YES;
				CLANG_WARN_CONSTANT_CONVERSION = YES;
				CLANG_WARN_DIRECT_OBJC_ISA_USAGE = YES_ERROR;
				CLANG_WARN_EMPTY_BODY = YES;
				CLANG_WARN_ENUM_CONVERSION = YES;
				CLANG_WARN_INT_CONVERSION = YES;
				CLANG_WARN_OBJC_ROOT_CLASS = YES_ERROR;
				CLANG_WARN_UNREACHABLE_CODE = YES;
				CLANG_WARN__DUPLICATE_METHOD_MATCH = YES;
				"CODE_SIGN_IDENTITY[sdk=iphoneos*]" = "iPhone Developer";
				COPY_PHASE_STRIP = YES;
				ENABLE_NS_ASSERTIONS = NO;
				ENABLE_STRICT_OBJC_MSGSEND = YES;
				GCC_C_LANGUAGE_STANDARD = gnu99;
				GCC_WARN_64_TO_32_BIT_CONVERSION = YES;
				GCC_WARN_ABOUT_RETURN_TYPE = YES_ERROR;
				GCC_WARN_UNDECLARED_SELECTOR = YES;
				GCC_WARN_UNINITIALIZED_AUTOS = YES_AGGRESSIVE;
				GCC_WARN_UNUSED_FUNCTION = YES;
				GCC_WARN_UNUSED_VARIABLE = YES;
				IPHONEOS_DEPLOYMENT_TARGET = 8.1;
				MTL_ENABLE_DEBUG_INFO = NO;
				SDKROOT = iphoneos;
				TARGETED_DEVICE_FAMILY = "1,2";
				VALIDATE_PRODUCT = YES;
			};
			name = Release;
		};
		3B2F9D371AB2A8330029F357 /* Debug */ = {
			isa = XCBuildConfiguration;
			buildSettings = {
				ASSETCATALOG_COMPILER_APPICON_NAME = AppIcon;
				FRAMEWORK_SEARCH_PATHS = (
					"$(inherited)",
					"/Users/link/Downloads/parse-library-1.6.4",
					"$(PROJECT_DIR)",
					"$(PROJECT_DIR)/Frameworks",
				);
				INFOPLIST_FILE = FeatherApp/Info.plist;
				LD_RUNPATH_SEARCH_PATHS = "$(inherited) @executable_path/Frameworks";
				PRODUCT_NAME = "$(TARGET_NAME)";
			};
			name = Debug;
		};
		3B2F9D381AB2A8330029F357 /* Release */ = {
			isa = XCBuildConfiguration;
			buildSettings = {
				ASSETCATALOG_COMPILER_APPICON_NAME = AppIcon;
				FRAMEWORK_SEARCH_PATHS = (
					"$(inherited)",
					"/Users/link/Downloads/parse-library-1.6.4",
					"$(PROJECT_DIR)",
					"$(PROJECT_DIR)/Frameworks",
				);
				INFOPLIST_FILE = FeatherApp/Info.plist;
				LD_RUNPATH_SEARCH_PATHS = "$(inherited) @executable_path/Frameworks";
				PRODUCT_NAME = "$(TARGET_NAME)";
			};
			name = Release;
		};
		3B2F9D3A1AB2A8330029F357 /* Debug */ = {
			isa = XCBuildConfiguration;
			buildSettings = {
				BUNDLE_LOADER = "$(TEST_HOST)";
				FRAMEWORK_SEARCH_PATHS = (
					"$(SDKROOT)/Developer/Library/Frameworks",
					"$(inherited)",
				);
				GCC_PREPROCESSOR_DEFINITIONS = (
					"DEBUG=1",
					"$(inherited)",
				);
				INFOPLIST_FILE = FeatherAppTests/Info.plist;
				LD_RUNPATH_SEARCH_PATHS = "$(inherited) @executable_path/Frameworks @loader_path/Frameworks";
				PRODUCT_NAME = "$(TARGET_NAME)";
				TEST_HOST = "$(BUILT_PRODUCTS_DIR)/FeatherApp.app/FeatherApp";
			};
			name = Debug;
		};
		3B2F9D3B1AB2A8330029F357 /* Release */ = {
			isa = XCBuildConfiguration;
			buildSettings = {
				BUNDLE_LOADER = "$(TEST_HOST)";
				FRAMEWORK_SEARCH_PATHS = (
					"$(SDKROOT)/Developer/Library/Frameworks",
					"$(inherited)",
				);
				INFOPLIST_FILE = FeatherAppTests/Info.plist;
				LD_RUNPATH_SEARCH_PATHS = "$(inherited) @executable_path/Frameworks @loader_path/Frameworks";
				PRODUCT_NAME = "$(TARGET_NAME)";
				TEST_HOST = "$(BUILT_PRODUCTS_DIR)/FeatherApp.app/FeatherApp";
			};
			name = Release;
		};
/* End XCBuildConfiguration section */

/* Begin XCConfigurationList section */
		3B2F9D0B1AB2A8320029F357 /* Build configuration list for PBXProject "FeatherApp" */ = {
			isa = XCConfigurationList;
			buildConfigurations = (
				3B2F9D341AB2A8330029F357 /* Debug */,
				3B2F9D351AB2A8330029F357 /* Release */,
			);
			defaultConfigurationIsVisible = 0;
			defaultConfigurationName = Release;
		};
		3B2F9D361AB2A8330029F357 /* Build configuration list for PBXNativeTarget "FeatherApp" */ = {
			isa = XCConfigurationList;
			buildConfigurations = (
				3B2F9D371AB2A8330029F357 /* Debug */,
				3B2F9D381AB2A8330029F357 /* Release */,
			);
			defaultConfigurationIsVisible = 0;
			defaultConfigurationName = Release;
		};
		3B2F9D391AB2A8330029F357 /* Build configuration list for PBXNativeTarget "FeatherAppTests" */ = {
			isa = XCConfigurationList;
			buildConfigurations = (
				3B2F9D3A1AB2A8330029F357 /* Debug */,
				3B2F9D3B1AB2A8330029F357 /* Release */,
			);
			defaultConfigurationIsVisible = 0;
			defaultConfigurationName = Release;
		};
/* End XCConfigurationList section */
	};
	rootObject = 3B2F9D081AB2A8320029F357 /* Project object */;
}
